
Microsoft Visual Studio Solution File, Format Version 12.00
# Visual Studio Version 17
VisualStudioVersion = 17.9.34728.123
MinimumVisualStudioVersion = 10.0.40219.1
Project("{FAE04EC0-301F-11D3-BF4B-00C04F79EFBC}") = "demoapplication", "demoapplication\demoapplication.csproj", "{9CFC1FE7-185A-4908-861F-B4B834BCF5D5}"
EndProject
Global
	GlobalSection(SolutionConfigurationPlatforms) = preSolution
		Debug|Any CPU = Debug|Any CPU
		Release|Any CPU = Release|Any CPU
	EndGlobalSection
	GlobalSection(ProjectConfigurationPlatforms) = postSolution
		{9CFC1FE7-185A-4908-861F-B4B834BCF5D5}.Debug|Any CPU.ActiveCfg = Debug|Any CPU
		{9CFC1FE7-185A-4908-861F-B4B834BCF5D5}.Debug|Any CPU.Build.0 = Debug|Any CPU
		{9CFC1FE7-185A-4908-861F-B4B834BCF5D5}.Release|Any CPU.ActiveCfg = Release|Any CPU
		{9CFC1FE7-185A-4908-861F-B4B834BCF5D5}.Release|Any CPU.Build.0 = Release|Any CPU
	EndGlobalSection
	GlobalSection(SolutionProperties) = preSolution
		HideSolutionNode = FALSE
	EndGlobalSection
	GlobalSection(ExtensibilityGlobals) = postSolution
		SolutionGuid = {6FF5ED87-0D31-49AE-84D6-AD9D6F6343A5}
	EndGlobalSection
EndGlobal
